
Microsoft Visual Studio Solution File, Format Version 12.00
# Visual Studio Version 16
VisualStudioVersion = 16.0.31729.503
MinimumVisualStudioVersion = 10.0.40219.1
Project("{FAE04EC0-301F-11D3-BF4B-00C04F79EFBC}") = "LogicalPrograms", "LogicalPrograms.csproj", "{F51BEDC0-3653-4263-ACF8-ED81FCEA6FCE}"
EndProject
Global
	GlobalSection(SolutionConfigurationPlatforms) = preSolution
		Debug|Any CPU = Debug|Any CPU
		Release|Any CPU = Release|Any CPU
	EndGlobalSection
	GlobalSection(ProjectConfigurationPlatforms) = postSolution
		{F51BEDC0-3653-4263-ACF8-ED81FCEA6FCE}.Debug|Any CPU.ActiveCfg = Debug|Any CPU
		{F51BEDC0-3653-4263-ACF8-ED81FCEA6FCE}.Debug|Any CPU.Build.0 = Debug|Any CPU
		{F51BEDC0-3653-4263-ACF8-ED81FCEA6FCE}.Release|Any CPU.ActiveCfg = Release|Any CPU
		{F51BEDC0-3653-4263-ACF8-ED81FCEA6FCE}.Release|Any CPU.Build.0 = Release|Any CPU
	EndGlobalSection
	GlobalSection(SolutionProperties) = preSolution
		HideSolutionNode = FALSE
	EndGlobalSection
	GlobalSection(ExtensibilityGlobals) = postSolution
		SolutionGuid = {C73D7B51-71B0-4386-B5DE-72800CFAF565}
	EndGlobalSection
EndGlobal
